
Microsoft Visual Studio Solution File, Format Version 12.00
# Visual Studio Version 17
VisualStudioVersion = 17.7.34202.233
MinimumVisualStudioVersion = 10.0.40219.1
Project("{FAE04EC0-301F-11D3-BF4B-00C04F79EFBC}") = "lab3zadamie1", "lab3zadamie1\lab3zadamie1.csproj", "{2FF5A4FB-7254-470F-8C69-199D65F8A3F7}"
EndProject
Global
	GlobalSection(SolutionConfigurationPlatforms) = preSolution
		Debug|Any CPU = Debug|Any CPU
		Release|Any CPU = Release|Any CPU
	EndGlobalSection
	GlobalSection(ProjectConfigurationPlatforms) = postSolution
		{2FF5A4FB-7254-470F-8C69-199D65F8A3F7}.Debug|Any CPU.ActiveCfg = Debug|Any CPU
		{2FF5A4FB-7254-470F-8C69-199D65F8A3F7}.Debug|Any CPU.Build.0 = Debug|Any CPU
		{2FF5A4FB-7254-470F-8C69-199D65F8A3F7}.Release|Any CPU.ActiveCfg = Release|Any CPU
		{2FF5A4FB-7254-470F-8C69-199D65F8A3F7}.Release|Any CPU.Build.0 = Release|Any CPU
	EndGlobalSection
	GlobalSection(SolutionProperties) = preSolution
		HideSolutionNode = FALSE
	EndGlobalSection
	GlobalSection(ExtensibilityGlobals) = postSolution
		SolutionGuid = {3F93F3DE-505C-4644-BC73-59CAB9A68025}
	EndGlobalSection
EndGlobal
