
Microsoft Visual Studio Solution File, Format Version 12.00
# Visual Studio Version 17
VisualStudioVersion = 17.7.34202.233
MinimumVisualStudioVersion = 10.0.40219.1
Project("{FAE04EC0-301F-11D3-BF4B-00C04F79EFBC}") = "lab7Var12", "lab7Var12\lab7Var12.csproj", "{30FED1F0-E0E5-4431-8F25-2A34B69558FE}"
EndProject
Global
	GlobalSection(SolutionConfigurationPlatforms) = preSolution
		Debug|Any CPU = Debug|Any CPU
		Release|Any CPU = Release|Any CPU
	EndGlobalSection
	GlobalSection(ProjectConfigurationPlatforms) = postSolution
		{30FED1F0-E0E5-4431-8F25-2A34B69558FE}.Debug|Any CPU.ActiveCfg = Debug|Any CPU
		{30FED1F0-E0E5-4431-8F25-2A34B69558FE}.Debug|Any CPU.Build.0 = Debug|Any CPU
		{30FED1F0-E0E5-4431-8F25-2A34B69558FE}.Release|Any CPU.ActiveCfg = Release|Any CPU
		{30FED1F0-E0E5-4431-8F25-2A34B69558FE}.Release|Any CPU.Build.0 = Release|Any CPU
	EndGlobalSection
	GlobalSection(SolutionProperties) = preSolution
		HideSolutionNode = FALSE
	EndGlobalSection
	GlobalSection(ExtensibilityGlobals) = postSolution
		SolutionGuid = {B7589B48-657F-46B3-88F1-CDB1E9DEF112}
	EndGlobalSection
EndGlobal
