
Microsoft Visual Studio Solution File, Format Version 12.00
# Visual Studio Version 17
VisualStudioVersion = 17.7.34202.233
MinimumVisualStudioVersion = 10.0.40219.1
Project("{FAE04EC0-301F-11D3-BF4B-00C04F79EFBC}") = "laba2zadanie3", "laba2zadanie3\laba2zadanie3.csproj", "{67CFEAF0-B935-4701-A2E6-BD805FD2E080}"
EndProject
Global
	GlobalSection(SolutionConfigurationPlatforms) = preSolution
		Debug|Any CPU = Debug|Any CPU
		Release|Any CPU = Release|Any CPU
	EndGlobalSection
	GlobalSection(ProjectConfigurationPlatforms) = postSolution
		{67CFEAF0-B935-4701-A2E6-BD805FD2E080}.Debug|Any CPU.ActiveCfg = Debug|Any CPU
		{67CFEAF0-B935-4701-A2E6-BD805FD2E080}.Debug|Any CPU.Build.0 = Debug|Any CPU
		{67CFEAF0-B935-4701-A2E6-BD805FD2E080}.Release|Any CPU.ActiveCfg = Release|Any CPU
		{67CFEAF0-B935-4701-A2E6-BD805FD2E080}.Release|Any CPU.Build.0 = Release|Any CPU
	EndGlobalSection
	GlobalSection(SolutionProperties) = preSolution
		HideSolutionNode = FALSE
	EndGlobalSection
	GlobalSection(ExtensibilityGlobals) = postSolution
		SolutionGuid = {07DE92BE-F4A5-488F-8F63-41497534B116}
	EndGlobalSection
EndGlobal
